
Microsoft Visual Studio Solution File, Format Version 12.00
# Visual Studio Version 17
VisualStudioVersion = 17.6.33829.357
MinimumVisualStudioVersion = 10.0.40219.1
Project("{FAE04EC0-301F-11D3-BF4B-00C04F79EFBC}") = "StudentBillsAPI", "StudentBillsAPI.csproj", "{ABAD6F5A-46D7-4972-95D1-53232989BD8D}"
EndProject
Global
	GlobalSection(SolutionConfigurationPlatforms) = preSolution
		Debug|Any CPU = Debug|Any CPU
		Release|Any CPU = Release|Any CPU
	EndGlobalSection
	GlobalSection(ProjectConfigurationPlatforms) = postSolution
		{ABAD6F5A-46D7-4972-95D1-53232989BD8D}.Debug|Any CPU.ActiveCfg = Debug|Any CPU
		{ABAD6F5A-46D7-4972-95D1-53232989BD8D}.Debug|Any CPU.Build.0 = Debug|Any CPU
		{ABAD6F5A-46D7-4972-95D1-53232989BD8D}.Release|Any CPU.ActiveCfg = Release|Any CPU
		{ABAD6F5A-46D7-4972-95D1-53232989BD8D}.Release|Any CPU.Build.0 = Release|Any CPU
	EndGlobalSection
	GlobalSection(SolutionProperties) = preSolution
		HideSolutionNode = FALSE
	EndGlobalSection
	GlobalSection(ExtensibilityGlobals) = postSolution
		SolutionGuid = {E9F796FE-AA70-4BA4-8F14-688F867EC1E6}
	EndGlobalSection
EndGlobal
